
Microsoft Visual Studio Solution File, Format Version 12.00
# Visual Studio Version 17
VisualStudioVersion = 17.2.32516.85
MinimumVisualStudioVersion = 10.0.40219.1
Project("{9A19103F-16F7-4668-BE54-9A1E7A4F7556}") = "ChapsDotNET", "ChapsDotNET\ChapsDotNET.csproj", "{7EDDA108-F68B-4410-BBF2-3854C984352A}"
EndProject
Project("{9A19103F-16F7-4668-BE54-9A1E7A4F7556}") = "ChapsDotNET.Data", "ChapsDotNET.Data\ChapsDotNET.Data.csproj", "{42FD787F-445A-4E2F-AE59-4AFDFDE5BF25}"
EndProject
Project("{9A19103F-16F7-4668-BE54-9A1E7A4F7556}") = "ChapsDotNET.Business", "ChapsDotNET.Business\ChapsDotNET.Business.csproj", "{539904B2-549D-498C-AD71-65930265A904}"
EndProject
Project("{FAE04EC0-301F-11D3-BF4B-00C04F79EFBC}") = "ChapsDotNET.Business.Tests", "ChapsDotNET.Business.Tests\ChapsDotNET.Business.Tests.csproj", "{F3959FAF-7D9A-4C1F-8B36-4A761A143F47}"
EndProject
Project("{2150E333-8FDC-42A3-9474-1A3956D46DE8}") = "Src", "Src", "{FF72C49C-F068-4100-A356-F474A2EA44D0}"
EndProject
Project("{2150E333-8FDC-42A3-9474-1A3956D46DE8}") = "Tests", "Tests", "{D4432E00-1425-4AE4-B92F-F287947800CC}"
EndProject
Global
	GlobalSection(SolutionConfigurationPlatforms) = preSolution
		Debug|Any CPU = Debug|Any CPU
		Release|Any CPU = Release|Any CPU
	EndGlobalSection
	GlobalSection(ProjectConfigurationPlatforms) = postSolution
		{7EDDA108-F68B-4410-BBF2-3854C984352A}.Debug|Any CPU.ActiveCfg = Debug|Any CPU
		{7EDDA108-F68B-4410-BBF2-3854C984352A}.Debug|Any CPU.Build.0 = Debug|Any CPU
		{7EDDA108-F68B-4410-BBF2-3854C984352A}.Release|Any CPU.ActiveCfg = Release|Any CPU
		{7EDDA108-F68B-4410-BBF2-3854C984352A}.Release|Any CPU.Build.0 = Release|Any CPU
		{42FD787F-445A-4E2F-AE59-4AFDFDE5BF25}.Debug|Any CPU.ActiveCfg = Debug|Any CPU
		{42FD787F-445A-4E2F-AE59-4AFDFDE5BF25}.Debug|Any CPU.Build.0 = Debug|Any CPU
		{42FD787F-445A-4E2F-AE59-4AFDFDE5BF25}.Release|Any CPU.ActiveCfg = Release|Any CPU
		{42FD787F-445A-4E2F-AE59-4AFDFDE5BF25}.Release|Any CPU.Build.0 = Release|Any CPU
		{539904B2-549D-498C-AD71-65930265A904}.Debug|Any CPU.ActiveCfg = Debug|Any CPU
		{539904B2-549D-498C-AD71-65930265A904}.Debug|Any CPU.Build.0 = Debug|Any CPU
		{539904B2-549D-498C-AD71-65930265A904}.Release|Any CPU.ActiveCfg = Release|Any CPU
		{539904B2-549D-498C-AD71-65930265A904}.Release|Any CPU.Build.0 = Release|Any CPU
		{F3959FAF-7D9A-4C1F-8B36-4A761A143F47}.Debug|Any CPU.ActiveCfg = Debug|Any CPU
		{F3959FAF-7D9A-4C1F-8B36-4A761A143F47}.Debug|Any CPU.Build.0 = Debug|Any CPU
		{F3959FAF-7D9A-4C1F-8B36-4A761A143F47}.Release|Any CPU.ActiveCfg = Release|Any CPU
		{F3959FAF-7D9A-4C1F-8B36-4A761A143F47}.Release|Any CPU.Build.0 = Release|Any CPU
	EndGlobalSection
	GlobalSection(SolutionProperties) = preSolution
		HideSolutionNode = FALSE
	EndGlobalSection
	GlobalSection(NestedProjects) = preSolution
		{7EDDA108-F68B-4410-BBF2-3854C984352A} = {FF72C49C-F068-4100-A356-F474A2EA44D0}
		{42FD787F-445A-4E2F-AE59-4AFDFDE5BF25} = {FF72C49C-F068-4100-A356-F474A2EA44D0}
		{539904B2-549D-498C-AD71-65930265A904} = {FF72C49C-F068-4100-A356-F474A2EA44D0}
		{F3959FAF-7D9A-4C1F-8B36-4A761A143F47} = {D4432E00-1425-4AE4-B92F-F287947800CC}
	EndGlobalSection
	GlobalSection(ExtensibilityGlobals) = postSolution
		SolutionGuid = {E08CDD5A-9002-4723-AC71-E55744C39222}
	EndGlobalSection
EndGlobal
